// !$*UTF8*$!
{
	archiveVersion = 1;
	classes = {
	};
	objectVersion = 46;
	objects = {

/* Begin PBXBuildFile section */
		7B3104B11CA632EF00EB0CE3 /* Person.m in Sources */ = {isa = PBXBuildFile; fileRef = 7B3104B01CA632EF00EB0CE3 /* Person.m */; };
		7B3104B41CA6332C00EB0CE3 /* Student.m in Sources */ = {isa = PBXBuildFile; fileRef = 7B3104B31CA6332C00EB0CE3 /* Student.m */; };
		7B35ACF01CAB7B9D00C0FC57 /* LunboViewController.m in Sources */ = {isa = PBXBuildFile; fileRef = 7B35ACEF1CAB7B9D00C0FC57 /* LunboViewController.m */; };
		7B383C2B1C940C3C000DEA90 /* MyView.m in Sources */ = {isa = PBXBuildFile; fileRef = 7B383C2A1C940C3C000DEA90 /* MyView.m */; };
		7B57F5411C8D612F00EC4C0C /* Info.plist in Resources */ = {isa = PBXBuildFile; fileRef = 7B57F5271C8D612F00EC4C0C /* Info.plist */; };
		7B57F5421C8D612F00EC4C0C /* MASCompositeConstraint.m in Sources */ = {isa = PBXBuildFile; fileRef = 7B57F5291C8D612F00EC4C0C /* MASCompositeConstraint.m */; };
		7B57F5431C8D612F00EC4C0C /* MASConstraint.m in Sources */ = {isa = PBXBuildFile; fileRef = 7B57F52C1C8D612F00EC4C0C /* MASConstraint.m */; };
		7B57F5441C8D612F00EC4C0C /* MASConstraintMaker.m in Sources */ = {isa = PBXBuildFile; fileRef = 7B57F52E1C8D612F00EC4C0C /* MASConstraintMaker.m */; };
		7B57F5451C8D612F00EC4C0C /* MASLayoutConstraint.m in Sources */ = {isa = PBXBuildFile; fileRef = 7B57F5301C8D612F00EC4C0C /* MASLayoutConstraint.m */; };
		7B57F5461C8D612F00EC4C0C /* MASViewAttribute.m in Sources */ = {isa = PBXBuildFile; fileRef = 7B57F5341C8D612F00EC4C0C /* MASViewAttribute.m */; };
		7B57F5471C8D612F00EC4C0C /* MASViewConstraint.m in Sources */ = {isa = PBXBuildFile; fileRef = 7B57F5361C8D612F00EC4C0C /* MASViewConstraint.m */; };
		7B57F5481C8D612F00EC4C0C /* NSArray+MASAdditions.m in Sources */ = {isa = PBXBuildFile; fileRef = 7B57F5381C8D612F00EC4C0C /* NSArray+MASAdditions.m */; };
		7B57F5491C8D612F00EC4C0C /* NSLayoutConstraint+MASDebugAdditions.m in Sources */ = {isa = PBXBuildFile; fileRef = 7B57F53B1C8D612F00EC4C0C /* NSLayoutConstraint+MASDebugAdditions.m */; };
		7B57F54A1C8D612F00EC4C0C /* View+MASAdditions.m in Sources */ = {isa = PBXBuildFile; fileRef = 7B57F53D1C8D612F00EC4C0C /* View+MASAdditions.m */; };
		7B57F54B1C8D612F00EC4C0C /* ViewController+MASAdditions.m in Sources */ = {isa = PBXBuildFile; fileRef = 7B57F5401C8D612F00EC4C0C /* ViewController+MASAdditions.m */; };
		7BD3EF8B1C802CAC00E374CC /* CustomView.m in Sources */ = {isa = PBXBuildFile; fileRef = 7BD3EF8A1C802CAC00E374CC /* CustomView.m */; };
		7BE326A11C7ECF040093771C /* DrawView.m in Sources */ = {isa = PBXBuildFile; fileRef = 7BE3269E1C7ECF040093771C /* DrawView.m */; };
		7BE326A21C7ECF040093771C /* DrawViewController.m in Sources */ = {isa = PBXBuildFile; fileRef = 7BE326A01C7ECF040093771C /* DrawViewController.m */; };
		7BEC1AD81C7EC4740010FA32 /* main.m in Sources */ = {isa = PBXBuildFile; fileRef = 7BEC1AD71C7EC4740010FA32 /* main.m */; };
		7BEC1ADB1C7EC4740010FA32 /* AppDelegate.m in Sources */ = {isa = PBXBuildFile; fileRef = 7BEC1ADA1C7EC4740010FA32 /* AppDelegate.m */; };
		7BEC1ADE1C7EC4740010FA32 /* ViewController.m in Sources */ = {isa = PBXBuildFile; fileRef = 7BEC1ADD1C7EC4740010FA32 /* ViewController.m */; };
		7BEC1AE11C7EC4740010FA32 /* Main.storyboard in Resources */ = {isa = PBXBuildFile; fileRef = 7BEC1ADF1C7EC4740010FA32 /* Main.storyboard */; };
		7BEC1AE31C7EC4740010FA32 /* Assets.xcassets in Resources */ = {isa = PBXBuildFile; fileRef = 7BEC1AE21C7EC4740010FA32 /* Assets.xcassets */; };
		7BEC1AE61C7EC4740010FA32 /* LaunchScreen.storyboard in Resources */ = {isa = PBXBuildFile; fileRef = 7BEC1AE41C7EC4740010FA32 /* LaunchScreen.storyboard */; };
/* End PBXBuildFile section */

/* Begin PBXFileReference section */
		7B3104AF1CA632EF00EB0CE3 /* Person.h */ = {isa = PBXFileReference; fileEncoding = 4; lastKnownFileType = sourcecode.c.h; path = Person.h; sourceTree = "<group>"; };
		7B3104B01CA632EF00EB0CE3 /* Person.m */ = {isa = PBXFileReference; fileEncoding = 4; lastKnownFileType = sourcecode.c.objc; path = Person.m; sourceTree = "<group>"; };
		7B3104B21CA6332C00EB0CE3 /* Student.h */ = {isa = PBXFileReference; fileEncoding = 4; lastKnownFileType = sourcecode.c.h; path = Student.h; sourceTree = "<group>"; };
		7B3104B31CA6332C00EB0CE3 /* Student.m */ = {isa = PBXFileReference; fileEncoding = 4; lastKnownFileType = sourcecode.c.objc; path = Student.m; sourceTree = "<group>"; };
		7B35ACEE1CAB7B9D00C0FC57 /* LunboViewController.h */ = {isa = PBXFileReference; fileEncoding = 4; lastKnownFileType = sourcecode.c.h; path = LunboViewController.h; sourceTree = "<group>"; };
		7B35ACEF1CAB7B9D00C0FC57 /* LunboViewController.m */ = {isa = PBXFileReference; fileEncoding = 4; lastKnownFileType = sourcecode.c.objc; path = LunboViewController.m; sourceTree = "<group>"; };
		7B35ACF11CAB829700C0FC57 /* PrefixHeader.pch */ = {isa = PBXFileReference; fileEncoding = 4; lastKnownFileType = sourcecode.c.h; path = PrefixHeader.pch; sourceTree = "<group>"; };
		7B383C291C940C3C000DEA90 /* MyView.h */ = {isa = PBXFileReference; fileEncoding = 4; lastKnownFileType = sourcecode.c.h; path = MyView.h; sourceTree = "<group>"; };
		7B383C2A1C940C3C000DEA90 /* MyView.m */ = {isa = PBXFileReference; fileEncoding = 4; lastKnownFileType = sourcecode.c.objc; path = MyView.m; sourceTree = "<group>"; };
		7B57F5271C8D612F00EC4C0C /* Info.plist */ = {isa = PBXFileReference; fileEncoding = 4; lastKnownFileType = text.plist.xml; path = Info.plist; sourceTree = "<group>"; };
		7B57F5281C8D612F00EC4C0C /* MASCompositeConstraint.h */ = {isa = PBXFileReference; fileEncoding = 4; lastKnownFileType = sourcecode.c.h; path = MASCompositeConstraint.h; sourceTree = "<group>"; };
		7B57F5291C8D612F00EC4C0C /* MASCompositeConstraint.m */ = {isa = PBXFileReference; fileEncoding = 4; lastKnownFileType = sourcecode.c.objc; path = MASCompositeConstraint.m; sourceTree = "<group>"; };
		7B57F52A1C8D612F00EC4C0C /* MASConstraint+Private.h */ = {isa = PBXFileReference; fileEncoding = 4; lastKnownFileType = sourcecode.c.h; path = "MASConstraint+Private.h"; sourceTree = "<group>"; };
		7B57F52B1C8D612F00EC4C0C /* MASConstraint.h */ = {isa = PBXFileReference; fileEncoding = 4; lastKnownFileType = sourcecode.c.h; path = MASConstraint.h; sourceTree = "<group>"; };
		7B57F52C1C8D612F00EC4C0C /* MASConstraint.m */ = {isa = PBXFileReference; fileEncoding = 4; lastKnownFileType = sourcecode.c.objc; path = MASConstraint.m; sourceTree = "<group>"; };
		7B57F52D1C8D612F00EC4C0C /* MASConstraintMaker.h */ = {isa = PBXFileReference; fileEncoding = 4; lastKnownFileType = sourcecode.c.h; path = MASConstraintMaker.h; sourceTree = "<group>"; };
		7B57F52E1C8D612F00EC4C0C /* MASConstraintMaker.m */ = {isa = PBXFileReference; fileEncoding = 4; lastKnownFileType = sourcecode.c.objc; path = MASConstraintMaker.m; sourceTree = "<group>"; };
		7B57F52F1C8D612F00EC4C0C /* MASLayoutConstraint.h */ = {isa = PBXFileReference; fileEncoding = 4; lastKnownFileType = sourcecode.c.h; path = MASLayoutConstraint.h; sourceTree = "<group>"; };
		7B57F5301C8D612F00EC4C0C /* MASLayoutConstraint.m */ = {isa = PBXFileReference; fileEncoding = 4; lastKnownFileType = sourcecode.c.objc; path = MASLayoutConstraint.m; sourceTree = "<group>"; };
		7B57F5311C8D612F00EC4C0C /* Masonry.h */ = {isa = PBXFileReference; fileEncoding = 4; lastKnownFileType = sourcecode.c.h; path = Masonry.h; sourceTree = "<group>"; };
		7B57F5321C8D612F00EC4C0C /* MASUtilities.h */ = {isa = PBXFileReference; fileEncoding = 4; lastKnownFileType = sourcecode.c.h; path = MASUtilities.h; sourceTree = "<group>"; };
		7B57F5331C8D612F00EC4C0C /* MASViewAttribute.h */ = {isa = PBXFileReference; fileEncoding = 4; lastKnownFileType = sourcecode.c.h; path = MASViewAttribute.h; sourceTree = "<group>"; };
		7B57F5341C8D612F00EC4C0C /* MASViewAttribute.m */ = {isa = PBXFileReference; fileEncoding = 4; lastKnownFileType = sourcecode.c.objc; path = MASViewAttribute.m; sourceTree = "<group>"; };
		7B57F5351C8D612F00EC4C0C /* MASViewConstraint.h */ = {isa = PBXFileReference; fileEncoding = 4; lastKnownFileType = sourcecode.c.h; path = MASViewConstraint.h; sourceTree = "<group>"; };
		7B57F5361C8D612F00EC4C0C /* MASViewConstraint.m */ = {isa = PBXFileReference; fileEncoding = 4; lastKnownFileType = sourcecode.c.objc; path = MASViewConstraint.m; sourceTree = "<group>"; };
		7B57F5371C8D612F00EC4C0C /* NSArray+MASAdditions.h */ = {isa = PBXFileReference; fileEncoding = 4; lastKnownFileType = sourcecode.c.h; path = "NSArray+MASAdditions.h"; sourceTree = "<group>"; };
		7B57F5381C8D612F00EC4C0C /* NSArray+MASAdditions.m */ = {isa = PBXFileReference; fileEncoding = 4; lastKnownFileType = sourcecode.c.objc; path = "NSArray+MASAdditions.m"; sourceTree = "<group>"; };
		7B57F5391C8D612F00EC4C0C /* NSArray+MASShorthandAdditions.h */ = {isa = PBXFileReference; fileEncoding = 4; lastKnownFileType = sourcecode.c.h; path = "NSArray+MASShorthandAdditions.h"; sourceTree = "<group>"; };
		7B57F53A1C8D612F00EC4C0C /* NSLayoutConstraint+MASDebugAdditions.h */ = {isa = PBXFileReference; fileEncoding = 4; lastKnownFileType = sourcecode.c.h; path = "NSLayoutConstraint+MASDebugAdditions.h"; sourceTree = "<group>"; };
		7B57F53B1C8D612F00EC4C0C /* NSLayoutConstraint+MASDebugAdditions.m */ = {isa = PBXFileReference; fileEncoding = 4; lastKnownFileType = sourcecode.c.objc; path = "NSLayoutConstraint+MASDebugAdditions.m"; sourceTree = "<group>"; };
		7B57F53C1C8D612F00EC4C0C /* View+MASAdditions.h */ = {isa = PBXFileReference; fileEncoding = 4; lastKnownFileType = sourcecode.c.h; path = "View+MASAdditions.h"; sourceTree = "<group>"; };
		7B57F53D1C8D612F00EC4C0C /* View+MASAdditions.m */ = {isa = PBXFileReference; fileEncoding = 4; lastKnownFileType = sourcecode.c.objc; path = "View+MASAdditions.m"; sourceTree = "<group>"; };
		7B57F53E1C8D612F00EC4C0C /* View+MASShorthandAdditions.h */ = {isa = PBXFileReference; fileEncoding = 4; lastKnownFileType = sourcecode.c.h; path = "View+MASShorthandAdditions.h"; sourceTree = "<group>"; };
		7B57F53F1C8D612F00EC4C0C /* ViewController+MASAdditions.h */ = {isa = PBXFileReference; fileEncoding = 4; lastKnownFileType = sourcecode.c.h; path = "ViewController+MASAdditions.h"; sourceTree = "<group>"; };
		7B57F5401C8D612F00EC4C0C /* ViewController+MASAdditions.m */ = {isa = PBXFileReference; fileEncoding = 4; lastKnownFileType = sourcecode.c.objc; path = "ViewController+MASAdditions.m"; sourceTree = "<group>"; };
		7BD3EF891C802CAC00E374CC /* CustomView.h */ = {isa = PBXFileReference; fileEncoding = 4; lastKnownFileType = sourcecode.c.h; path = CustomView.h; sourceTree = "<group>"; };
		7BD3EF8A1C802CAC00E374CC /* CustomView.m */ = {isa = PBXFileReference; fileEncoding = 4; lastKnownFileType = sourcecode.c.objc; path = CustomView.m; sourceTree = "<group>"; };
		7BE3269D1C7ECF040093771C /* DrawView.h */ = {isa = PBXFileReference; fileEncoding = 4; lastKnownFileType = sourcecode.c.h; path = DrawView.h; sourceTree = "<group>"; };
		7BE3269E1C7ECF040093771C /* DrawView.m */ = {isa = PBXFileReference; fileEncoding = 4; lastKnownFileType = sourcecode.c.objc; path = DrawView.m; sourceTree = "<group>"; };
		7BE3269F1C7ECF040093771C /* DrawViewController.h */ = {isa = PBXFileReference; fileEncoding = 4; lastKnownFileType = sourcecode.c.h; path = DrawViewController.h; sourceTree = "<group>"; };
		7BE326A01C7ECF040093771C /* DrawViewController.m */ = {isa = PBXFileReference; fileEncoding = 4; lastKnownFileType = sourcecode.c.objc; path = DrawViewController.m; sourceTree = "<group>"; };
		7BEC1AD31C7EC4740010FA32 /* OCDemo.app */ = {isa = PBXFileReference; explicitFileType = wrapper.application; includeInIndex = 0; path = OCDemo.app; sourceTree = BUILT_PRODUCTS_DIR; };
		7BEC1AD71C7EC4740010FA32 /* main.m */ = {isa = PBXFileReference; lastKnownFileType = sourcecode.c.objc; path = main.m; sourceTree = "<group>"; };
		7BEC1AD91C7EC4740010FA32 /* AppDelegate.h */ = {isa = PBXFileReference; lastKnownFileType = sourcecode.c.h; path = AppDelegate.h; sourceTree = "<group>"; };
		7BEC1ADA1C7EC4740010FA32 /* AppDelegate.m */ = {isa = PBXFileReference; lastKnownFileType = sourcecode.c.objc; path = AppDelegate.m; sourceTree = "<group>"; };
		7BEC1ADC1C7EC4740010FA32 /* ViewController.h */ = {isa = PBXFileReference; lastKnownFileType = sourcecode.c.h; path = ViewController.h; sourceTree = "<group>"; };
		7BEC1ADD1C7EC4740010FA32 /* ViewController.m */ = {isa = PBXFileReference; lastKnownFileType = sourcecode.c.objc; path = ViewController.m; sourceTree = "<group>"; };
		7BEC1AE01C7EC4740010FA32 /* Base */ = {isa = PBXFileReference; lastKnownFileType = file.storyboard; name = Base; path = Base.lproj/Main.storyboard; sourceTree = "<group>"; };
		7BEC1AE21C7EC4740010FA32 /* Assets.xcassets */ = {isa = PBXFileReference; lastKnownFileType = folder.assetcatalog; path = Assets.xcassets; sourceTree = "<group>"; };
		7BEC1AE51C7EC4740010FA32 /* Base */ = {isa = PBXFileReference; lastKnownFileType = file.storyboard; name = Base; path = Base.lproj/LaunchScreen.storyboard; sourceTree = "<group>"; };
		7BEC1AE71C7EC4740010FA32 /* Info.plist */ = {isa = PBXFileReference; lastKnownFileType = text.plist.xml; path = Info.plist; sourceTree = "<group>"; };
/* End PBXFileReference section */

/* Begin PBXFrameworksBuildPhase section */
		7BEC1AD01C7EC4740010FA32 /* Frameworks */ = {
			isa = PBXFrameworksBuildPhase;
			buildActionMask = 2147483647;
			files = (
			);
			runOnlyForDeploymentPostprocessing = 0;
		};
/* End PBXFrameworksBuildPhase section */

/* Begin PBXGroup section */
		7B35ACED1CAB7B4400C0FC57 /* 轮播图 */ = {
			isa = PBXGroup;
			children = (
				7B35ACEE1CAB7B9D00C0FC57 /* LunboViewController.h */,
				7B35ACEF1CAB7B9D00C0FC57 /* LunboViewController.m */,
			);
			name = "轮播图";
			sourceTree = "<group>";
		};
		7B55627B1C8D15DD00E8F895 /* 背景虚化 */ = {
			isa = PBXGroup;
			children = (
			);
			name = "背景虚化";
			sourceTree = "<group>";
		};
		7B57F5261C8D612F00EC4C0C /* Masonry */ = {
			isa = PBXGroup;
			children = (
				7B57F5271C8D612F00EC4C0C /* Info.plist */,
				7B57F5281C8D612F00EC4C0C /* MASCompositeConstraint.h */,
				7B57F5291C8D612F00EC4C0C /* MASCompositeConstraint.m */,
				7B57F52A1C8D612F00EC4C0C /* MASConstraint+Private.h */,
				7B57F52B1C8D612F00EC4C0C /* MASConstraint.h */,
				7B57F52C1C8D612F00EC4C0C /* MASConstraint.m */,
				7B57F52D1C8D612F00EC4C0C /* MASConstraintMaker.h */,
				7B57F52E1C8D612F00EC4C0C /* MASConstraintMaker.m */,
				7B57F52F1C8D612F00EC4C0C /* MASLayoutConstraint.h */,
				7B57F5301C8D612F00EC4C0C /* MASLayoutConstraint.m */,
				7B57F5311C8D612F00EC4C0C /* Masonry.h */,
				7B57F5321C8D612F00EC4C0C /* MASUtilities.h */,
				7B57F5331C8D612F00EC4C0C /* MASViewAttribute.h */,
				7B57F5341C8D612F00EC4C0C /* MASViewAttribute.m */,
				7B57F5351C8D612F00EC4C0C /* MASViewConstraint.h */,
				7B57F5361C8D612F00EC4C0C /* MASViewConstraint.m */,
				7B57F5371C8D612F00EC4C0C /* NSArray+MASAdditions.h */,
				7B57F5381C8D612F00EC4C0C /* NSArray+MASAdditions.m */,
				7B57F5391C8D612F00EC4C0C /* NSArray+MASShorthandAdditions.h */,
				7B57F53A1C8D612F00EC4C0C /* NSLayoutConstraint+MASDebugAdditions.h */,
				7B57F53B1C8D612F00EC4C0C /* NSLayoutConstraint+MASDebugAdditions.m */,
				7B57F53C1C8D612F00EC4C0C /* View+MASAdditions.h */,
				7B57F53D1C8D612F00EC4C0C /* View+MASAdditions.m */,
				7B57F53E1C8D612F00EC4C0C /* View+MASShorthandAdditions.h */,
				7B57F53F1C8D612F00EC4C0C /* ViewController+MASAdditions.h */,
				7B57F5401C8D612F00EC4C0C /* ViewController+MASAdditions.m */,
			);
			path = Masonry;
			sourceTree = "<group>";
		};
		7B7552A21C871473000D0633 /* OC学习 */ = {
			isa = PBXGroup;
			children = (
			);
			name = "OC学习";
			sourceTree = "<group>";
		};
		7BE3269C1C7ECF040093771C /* 画线画圆 */ = {
			isa = PBXGroup;
			children = (
				7BE3269D1C7ECF040093771C /* DrawView.h */,
				7BE3269E1C7ECF040093771C /* DrawView.m */,
				7BE3269F1C7ECF040093771C /* DrawViewController.h */,
				7BE326A01C7ECF040093771C /* DrawViewController.m */,
				7BD3EF891C802CAC00E374CC /* CustomView.h */,
				7BD3EF8A1C802CAC00E374CC /* CustomView.m */,
			);
			path = "画线画圆";
			sourceTree = "<group>";
		};
		7BE326A41C7ECF230093771C /* Others */ = {
			isa = PBXGroup;
			children = (
				7BEC1AD91C7EC4740010FA32 /* AppDelegate.h */,
				7BEC1ADA1C7EC4740010FA32 /* AppDelegate.m */,
				7BEC1ADF1C7EC4740010FA32 /* Main.storyboard */,
				7BEC1AE21C7EC4740010FA32 /* Assets.xcassets */,
				7BEC1AE41C7EC4740010FA32 /* LaunchScreen.storyboard */,
				7BEC1AE71C7EC4740010FA32 /* Info.plist */,
				7B35ACF11CAB829700C0FC57 /* PrefixHeader.pch */,
			);
			name = Others;
			sourceTree = "<group>";
		};
		7BEC1ACA1C7EC4740010FA32 = {
			isa = PBXGroup;
			children = (
				7BEC1AD51C7EC4740010FA32 /* OCDemo */,
				7BEC1AD41C7EC4740010FA32 /* Products */,
			);
			sourceTree = "<group>";
		};
		7BEC1AD41C7EC4740010FA32 /* Products */ = {
			isa = PBXGroup;
			children = (
				7BEC1AD31C7EC4740010FA32 /* OCDemo.app */,
			);
			name = Products;
			sourceTree = "<group>";
		};
		7BEC1AD51C7EC4740010FA32 /* OCDemo */ = {
			isa = PBXGroup;
			children = (
				7B35ACED1CAB7B4400C0FC57 /* 轮播图 */,
				7B3104AF1CA632EF00EB0CE3 /* Person.h */,
				7B3104B01CA632EF00EB0CE3 /* Person.m */,
				7B3104B21CA6332C00EB0CE3 /* Student.h */,
				7B3104B31CA6332C00EB0CE3 /* Student.m */,
				7B57F5261C8D612F00EC4C0C /* Masonry */,
				7B55627B1C8D15DD00E8F895 /* 背景虚化 */,
				7B7552A21C871473000D0633 /* OC学习 */,
				7BE326A41C7ECF230093771C /* Others */,
				7BE3269C1C7ECF040093771C /* 画线画圆 */,
				7BEC1ADC1C7EC4740010FA32 /* ViewController.h */,
				7BEC1ADD1C7EC4740010FA32 /* ViewController.m */,
				7BEC1AD61C7EC4740010FA32 /* Supporting Files */,
				7B383C291C940C3C000DEA90 /* MyView.h */,
				7B383C2A1C940C3C000DEA90 /* MyView.m */,
			);
			path = OCDemo;
			sourceTree = "<group>";
		};
		7BEC1AD61C7EC4740010FA32 /* Supporting Files */ = {
			isa = PBXGroup;
			children = (
				7BEC1AD71C7EC4740010FA32 /* main.m */,
			);
			name = "Supporting Files";
			sourceTree = "<group>";
		};
/* End PBXGroup section */

/* Begin PBXNativeTarget section */
		7BEC1AD21C7EC4740010FA32 /* OCDemo */ = {
			isa = PBXNativeTarget;
			buildConfigurationList = 7BEC1AEA1C7EC4740010FA32 /* Build configuration list for PBXNativeTarget "OCDemo" */;
			buildPhases = (
				7BEC1ACF1C7EC4740010FA32 /* Sources */,
				7BEC1AD01C7EC4740010FA32 /* Frameworks */,
				7BEC1AD11C7EC4740010FA32 /* Resources */,
			);
			buildRules = (
			);
			dependencies = (
			);
			name = OCDemo;
			productName = OCDemo;
			productReference = 7BEC1AD31C7EC4740010FA32 /* OCDemo.app */;
			productType = "com.apple.product-type.application";
		};
/* End PBXNativeTarget section */

/* Begin PBXProject section */
		7BEC1ACB1C7EC4740010FA32 /* Project object */ = {
			isa = PBXProject;
			attributes = {
				LastUpgradeCheck = 0720;
				ORGANIZATIONNAME = zhaobingxu;
				TargetAttributes = {
					7BEC1AD21C7EC4740010FA32 = {
						CreatedOnToolsVersion = 7.2;
					};
				};
			};
			buildConfigurationList = 7BEC1ACE1C7EC4740010FA32 /* Build configuration list for PBXProject "OCDemo" */;
			compatibilityVersion = "Xcode 3.2";
			developmentRegion = English;
			hasScannedForEncodings = 0;
			knownRegions = (
				en,
				Base,
			);
			mainGroup = 7BEC1ACA1C7EC4740010FA32;
			productRefGroup = 7BEC1AD41C7EC4740010FA32 /* Products */;
			projectDirPath = "";
			projectRoot = "";
			targets = (
				7BEC1AD21C7EC4740010FA32 /* OCDemo */,
			);
		};
/* End PBXProject section */

/* Begin PBXResourcesBuildPhase section */
		7BEC1AD11C7EC4740010FA32 /* Resources */ = {
			isa = PBXResourcesBuildPhase;
			buildActionMask = 2147483647;
			files = (
				7B57F5411C8D612F00EC4C0C /* Info.plist in Resources */,
				7BEC1AE61C7EC4740010FA32 /* LaunchScreen.storyboard in Resources */,
				7BEC1AE31C7EC4740010FA32 /* Assets.xcassets in Resources */,
				7BEC1AE11C7EC4740010FA32 /* Main.storyboard in Resources */,
			);
			runOnlyForDeploymentPostprocessing = 0;
		};
/* End PBXResourcesBuildPhase section */

/* Begin PBXSourcesBuildPhase section */
		7BEC1ACF1C7EC4740010FA32 /* Sources */ = {
			isa = PBXSourcesBuildPhase;
			buildActionMask = 2147483647;
			files = (
				7B57F5431C8D612F00EC4C0C /* MASConstraint.m in Sources */,
				7B57F5461C8D612F00EC4C0C /* MASViewAttribute.m in Sources */,
				7B57F54B1C8D612F00EC4C0C /* ViewController+MASAdditions.m in Sources */,
				7B57F5481C8D612F00EC4C0C /* NSArray+MASAdditions.m in Sources */,
				7BEC1ADE1C7EC4740010FA32 /* ViewController.m in Sources */,
				7B57F5471C8D612F00EC4C0C /* MASViewConstraint.m in Sources */,
				7B3104B11CA632EF00EB0CE3 /* Person.m in Sources */,
				7B35ACF01CAB7B9D00C0FC57 /* LunboViewController.m in Sources */,
				7B57F5451C8D612F00EC4C0C /* MASLayoutConstraint.m in Sources */,
				7B383C2B1C940C3C000DEA90 /* MyView.m in Sources */,
				7BE326A21C7ECF040093771C /* DrawViewController.m in Sources */,
				7BE326A11C7ECF040093771C /* DrawView.m in Sources */,
				7B57F54A1C8D612F00EC4C0C /* View+MASAdditions.m in Sources */,
				7B57F5421C8D612F00EC4C0C /* MASCompositeConstraint.m in Sources */,
				7B57F5491C8D612F00EC4C0C /* NSLayoutConstraint+MASDebugAdditions.m in Sources */,
				7B3104B41CA6332C00EB0CE3 /* Student.m in Sources */,
				7B57F5441C8D612F00EC4C0C /* MASConstraintMaker.m in Sources */,
				7BEC1ADB1C7EC4740010FA32 /* AppDelegate.m in Sources */,
				7BEC1AD81C7EC4740010FA32 /* main.m in Sources */,
				7BD3EF8B1C802CAC00E374CC /* CustomView.m in Sources */,
			);
			runOnlyForDeploymentPostprocessing = 0;
		};
/* End PBXSourcesBuildPhase section */

/* Begin PBXVariantGroup section */
		7BEC1ADF1C7EC4740010FA32 /* Main.storyboard */ = {
			isa = PBXVariantGroup;
			children = (
				7BEC1AE01C7EC4740010FA32 /* Base */,
			);
			name = Main.storyboard;
			sourceTree = "<group>";
		};
		7BEC1AE41C7EC4740010FA32 /* LaunchScreen.storyboard */ = {
			isa = PBXVariantGroup;
			children = (
				7BEC1AE51C7EC4740010FA32 /* Base */,
			);
			name = LaunchScreen.storyboard;
			sourceTree = "<group>";
		};
/* End PBXVariantGroup section */

/* Begin XCBuildConfiguration section */
		7BEC1AE81C7EC4740010FA32 /* Debug */ = {
			isa = XCBuildConfiguration;
			buildSettings = {
				ALWAYS_SEARCH_USER_PATHS = NO;
				CLANG_CXX_LANGUAGE_STANDARD = "gnu++0x";
				CLANG_CXX_LIBRARY = "libc++";
				CLANG_ENABLE_MODULES = YES;
				CLANG_ENABLE_OBJC_ARC = YES;
				CLANG_WARN_BOOL_CONVERSION = YES;
				CLANG_WARN_CONSTANT_CONVERSION = YES;
				CLANG_WARN_DIRECT_OBJC_ISA_USAGE = YES_ERROR;
				CLANG_WARN_EMPTY_BODY = YES;
				CLANG_WARN_ENUM_CONVERSION = YES;
				CLANG_WARN_INT_CONVERSION = YES;
				CLANG_WARN_OBJC_ROOT_CLASS = YES_ERROR;
				CLANG_WARN_UNREACHABLE_CODE = YES;
				CLANG_WARN__DUPLICATE_METHOD_MATCH = YES;
				"CODE_SIGN_IDENTITY[sdk=iphoneos*]" = "iPhone Developer";
				COPY_PHASE_STRIP = NO;
				DEBUG_INFORMATION_FORMAT = dwarf;
				ENABLE_STRICT_OBJC_MSGSEND = YES;
				ENABLE_TESTABILITY = YES;
				GCC_C_LANGUAGE_STANDARD = gnu99;
				GCC_DYNAMIC_NO_PIC = NO;
				GCC_NO_COMMON_BLOCKS = YES;
				GCC_OPTIMIZATION_LEVEL = 0;
				GCC_PREPROCESSOR_DEFINITIONS = (
					"DEBUG=1",
					"$(inherited)",
				);
				GCC_WARN_64_TO_32_BIT_CONVERSION = YES;
				GCC_WARN_ABOUT_RETURN_TYPE = YES_ERROR;
				GCC_WARN_UNDECLARED_SELECTOR = YES;
				GCC_WARN_UNINITIALIZED_AUTOS = YES_AGGRESSIVE;
				GCC_WARN_UNUSED_FUNCTION = YES;
				GCC_WARN_UNUSED_VARIABLE = YES;
				IPHONEOS_DEPLOYMENT_TARGET = 9.2;
				MTL_ENABLE_DEBUG_INFO = YES;
				ONLY_ACTIVE_ARCH = YES;
				SDKROOT = iphoneos;
			};
			name = Debug;
		};
		7BEC1AE91C7EC4740010FA32 /* Release */ = {
			isa = XCBuildConfiguration;
			buildSettings = {
				ALWAYS_SEARCH_USER_PATHS = NO;
				CLANG_CXX_LANGUAGE_STANDARD = "gnu++0x";
				CLANG_CXX_LIBRARY = "libc++";
				CLANG_ENABLE_MODULES = YES;
				CLANG_ENABLE_OBJC_ARC = YES;
				CLANG_WARN_BOOL_CONVERSION = YES;
				CLANG_WARN_CONSTANT_CONVERSION = YES;
				CLANG_WARN_DIRECT_OBJC_ISA_USAGE = YES_ERROR;
				CLANG_WARN_EMPTY_BODY = YES;
				CLANG_WARN_ENUM_CONVERSION = YES;
				CLANG_WARN_INT_CONVERSION = YES;
				CLANG_WARN_OBJC_ROOT_CLASS = YES_ERROR;
				CLANG_WARN_UNREACHABLE_CODE = YES;
				CLANG_WARN__DUPLICATE_METHOD_MATCH = YES;
				"CODE_SIGN_IDENTITY[sdk=iphoneos*]" = "iPhone Developer";
				COPY_PHASE_STRIP = NO;
				DEBUG_INFORMATION_FORMAT = "dwarf-with-dsym";
				ENABLE_NS_ASSERTIONS = NO;
				ENABLE_STRICT_OBJC_MSGSEND = YES;
				GCC_C_LANGUAGE_STANDARD = gnu99;
				GCC_NO_COMMON_BLOCKS = YES;
				GCC_WARN_64_TO_32_BIT_CONVERSION = YES;
				GCC_WARN_ABOUT_RETURN_TYPE = YES_ERROR;
				GCC_WARN_UNDECLARED_SELECTOR = YES;
				GCC_WARN_UNINITIALIZED_AUTOS = YES_AGGRESSIVE;
				GCC_WARN_UNUSED_FUNCTION = YES;
				GCC_WARN_UNUSED_VARIABLE = YES;
				IPHONEOS_DEPLOYMENT_TARGET = 9.2;
				MTL_ENABLE_DEBUG_INFO = NO;
				SDKROOT = iphoneos;
				VALIDATE_PRODUCT = YES;
			};
			name = Release;
		};
		7BEC1AEB1C7EC4740010FA32 /* Debug */ = {
			isa = XCBuildConfiguration;
			buildSettings = {
				ASSETCATALOG_COMPILER_APPICON_NAME = AppIcon;
				GCC_PRECOMPILE_PREFIX_HEADER = NO;
				GCC_PREFIX_HEADER = OCDemo/PrefixHeader.pch;
				INFOPLIST_FILE = OCDemo/Info.plist;
				LD_RUNPATH_SEARCH_PATHS = "$(inherited) @executable_path/Frameworks";
				PRODUCT_BUNDLE_IDENTIFIER = com.everyoo.OCDemo;
				PRODUCT_NAME = "$(TARGET_NAME)";
			};
			name = Debug;
		};
		7BEC1AEC1C7EC4740010FA32 /* Release */ = {
			isa = XCBuildConfiguration;
			buildSettings = {
				ASSETCATALOG_COMPILER_APPICON_NAME = AppIcon;
				GCC_PRECOMPILE_PREFIX_HEADER = NO;
				GCC_PREFIX_HEADER = OCDemo/PrefixHeader.pch;
				INFOPLIST_FILE = OCDemo/Info.plist;
				LD_RUNPATH_SEARCH_PATHS = "$(inherited) @executable_path/Frameworks";
				PRODUCT_BUNDLE_IDENTIFIER = com.everyoo.OCDemo;
				PRODUCT_NAME = "$(TARGET_NAME)";
			};
			name = Release;
		};
/* End XCBuildConfiguration section */

/* Begin XCConfigurationList section */
		7BEC1ACE1C7EC4740010FA32 /* Build configuration list for PBXProject "OCDemo" */ = {
			isa = XCConfigurationList;
			buildConfigurations = (
				7BEC1AE81C7EC4740010FA32 /* Debug */,
				7BEC1AE91C7EC4740010FA32 /* Release */,
			);
			defaultConfigurationIsVisible = 0;
			defaultConfigurationName = Release;
		};
		7BEC1AEA1C7EC4740010FA32 /* Build configuration list for PBXNativeTarget "OCDemo" */ = {
			isa = XCConfigurationList;
			buildConfigurations = (
				7BEC1AEB1C7EC4740010FA32 /* Debug */,
				7BEC1AEC1C7EC4740010FA32 /* Release */,
			);
			defaultConfigurationIsVisible = 0;
			defaultConfigurationName = Release;
		};
/* End XCConfigurationList section */
	};
	rootObject = 7BEC1ACB1C7EC4740010FA32 /* Project object */;
}
